Microsoft Visual Studio Solution File, Format Version 12.00
# Visual Studio 15
VisualStudioVersion = 15.0.28010.2046
MinimumVisualStudioVersion = 10.0.40219.1
Project("{FAE04EC0-301F-11D3-BF4B-00C04F79EFBC}") = "Maks_Place.Android", "Maks_Place.Android\Maks_Place.Android.csproj", "{EAE9DAAA-A9A8-4834-ABEF-24DF69A35CB0}"
EndProject
Project("{FAE04EC0-301F-11D3-BF4B-00C04F79EFBC}") = "Maks_Place.iOS", "Maks_Place.iOS\Maks_Place.iOS.csproj", "{CF95C126-B9BA-4BA4-BD53-17FA93841D3D}"
EndProject
Project("{9A19103F-16F7-4668-BE54-9A1E7A4F7556}") = "Maks_Place", "Maks_Place\Maks_Place.csproj", "{526E13BE-A343-457D-901A-4EA5B7DB3038}"
EndProject
Project("{FAE04EC0-301F-11D3-BF4B-00C04F79EFBC}") = "maksappservice", "maksappservice\maksappservice.csproj", "{195DD404-474C-48BC-8914-D0F830D80149}"
EndProject
Global
	GlobalSection(SolutionConfigurationPlatforms) = preSolution
		Ad-Hoc|Any CPU = Ad-Hoc|Any CPU
		Ad-Hoc|iPhone = Ad-Hoc|iPhone
		Ad-Hoc|iPhoneSimulator = Ad-Hoc|iPhoneSimulator
		AppStore|Any CPU = AppStore|Any CPU
		AppStore|iPhone = AppStore|iPhone
		AppStore|iPhoneSimulator = AppStore|iPhoneSimulator
		Debug|Any CPU = Debug|Any CPU
		Debug|iPhone = Debug|iPhone
		Debug|iPhoneSimulator = Debug|iPhoneSimulator
		Release|Any CPU = Release|Any CPU
		Release|iPhone = Release|iPhone
		Release|iPhoneSimulator = Release|iPhoneSimulator
	EndGlobalSection
	GlobalSection(ProjectConfigurationPlatforms) = postSolution
		{EAE9DAAA-A9A8-4834-ABEF-24DF69A35CB0}.Ad-Hoc|Any CPU.ActiveCfg = Release|Any CPU
		{EAE9DAAA-A9A8-4834-ABEF-24DF69A35CB0}.Ad-Hoc|Any CPU.Build.0 = Release|Any CPU
		{EAE9DAAA-A9A8-4834-ABEF-24DF69A35CB0}.Ad-Hoc|Any CPU.Deploy.0 = Release|Any CPU
		{EAE9DAAA-A9A8-4834-ABEF-24DF69A35CB0}.Ad-Hoc|iPhone.ActiveCfg = Debug|Any CPU
		{EAE9DAAA-A9A8-4834-ABEF-24DF69A35CB0}.Ad-Hoc|iPhone.Build.0 = Debug|Any CPU
		{EAE9DAAA-A9A8-4834-ABEF-24DF69A35CB0}.Ad-Hoc|iPhoneSimulator.ActiveCfg = Release|Any CPU
		{EAE9DAAA-A9A8-4834-ABEF-24DF69A35CB0}.Ad-Hoc|iPhoneSimulator.Build.0 = Release|Any CPU
		{EAE9DAAA-A9A8-4834-ABEF-24DF69A35CB0}.Ad-Hoc|iPhoneSimulator.Deploy.0 = Release|Any CPU
		{EAE9DAAA-A9A8-4834-ABEF-24DF69A35CB0}.AppStore|Any CPU.ActiveCfg = Release|Any CPU
		{EAE9DAAA-A9A8-4834-ABEF-24DF69A35CB0}.AppStore|Any CPU.Build.0 = Release|Any CPU
		{EAE9DAAA-A9A8-4834-ABEF-24DF69A35CB0}.AppStore|Any CPU.Deploy.0 = Release|Any CPU
		{EAE9DAAA-A9A8-4834-ABEF-24DF69A35CB0}.AppStore|iPhone.ActiveCfg = Debug|Any CPU
		{EAE9DAAA-A9A8-4834-ABEF-24DF69A35CB0}.AppStore|iPhone.Build.0 = Debug|Any CPU
		{EAE9DAAA-A9A8-4834-ABEF-24DF69A35CB0}.AppStore|iPhoneSimulator.ActiveCfg = Release|Any CPU
		{EAE9DAAA-A9A8-4834-ABEF-24DF69A35CB0}.AppStore|iPhoneSimulator.Build.0 = Release|Any CPU
		{EAE9DAAA-A9A8-4834-ABEF-24DF69A35CB0}.AppStore|iPhoneSimulator.Deploy.0 = Release|Any CPU
		{EAE9DAAA-A9A8-4834-ABEF-24DF69A35CB0}.Debug|Any CPU.ActiveCfg = Debug|Any CPU
		{EAE9DAAA-A9A8-4834-ABEF-24DF69A35CB0}.Debug|Any CPU.Build.0 = Debug|Any CPU
		{EAE9DAAA-A9A8-4834-ABEF-24DF69A35CB0}.Debug|Any CPU.Deploy.0 = Debug|Any CPU
		{EAE9DAAA-A9A8-4834-ABEF-24DF69A35CB0}.Debug|iPhone.ActiveCfg = Debug|Any CPU
		{EAE9DAAA-A9A8-4834-ABEF-24DF69A35CB0}.Debug|iPhone.Build.0 = Debug|Any CPU
		{EAE9DAAA-A9A8-4834-ABEF-24DF69A35CB0}.Debug|iPhoneSimulator.ActiveCfg = Debug|Any CPU
		{EAE9DAAA-A9A8-4834-ABEF-24DF69A35CB0}.Debug|iPhoneSimulator.Build.0 = Debug|Any CPU
		{EAE9DAAA-A9A8-4834-ABEF-24DF69A35CB0}.Release|Any CPU.ActiveCfg = Release|Any CPU
		{EAE9DAAA-A9A8-4834-ABEF-24DF69A35CB0}.Release|Any CPU.Build.0 = Release|Any CPU
		{EAE9DAAA-A9A8-4834-ABEF-24DF69A35CB0}.Release|iPhone.ActiveCfg = Release|Any CPU
		{EAE9DAAA-A9A8-4834-ABEF-24DF69A35CB0}.Release|iPhone.Build.0 = Release|Any CPU
		{EAE9DAAA-A9A8-4834-ABEF-24DF69A35CB0}.Release|iPhoneSimulator.ActiveCfg = Release|Any CPU
		{EAE9DAAA-A9A8-4834-ABEF-24DF69A35CB0}.Release|iPhoneSimulator.Build.0 = Release|Any CPU
		{CF95C126-B9BA-4BA4-BD53-17FA93841D3D}.Ad-Hoc|Any CPU.ActiveCfg = Ad-Hoc|iPhoneSimulator
		{CF95C126-B9BA-4BA4-BD53-17FA93841D3D}.Ad-Hoc|iPhone.ActiveCfg = Ad-Hoc|iPhone
		{CF95C126-B9BA-4BA4-BD53-17FA93841D3D}.Ad-Hoc|iPhone.Build.0 = Ad-Hoc|iPhone
		{CF95C126-B9BA-4BA4-BD53-17FA93841D3D}.Ad-Hoc|iPhoneSimulator.ActiveCfg = Ad-Hoc|iPhoneSimulator
		{CF95C126-B9BA-4BA4-BD53-17FA93841D3D}.Ad-Hoc|iPhoneSimulator.Build.0 = Ad-Hoc|iPhoneSimulator
		{CF95C126-B9BA-4BA4-BD53-17FA93841D3D}.AppStore|Any CPU.ActiveCfg = AppStore|iPhoneSimulator
		{CF95C126-B9BA-4BA4-BD53-17FA93841D3D}.AppStore|iPhone.ActiveCfg = AppStore|iPhone
		{CF95C126-B9BA-4BA4-BD53-17FA93841D3D}.AppStore|iPhone.Build.0 = AppStore|iPhone
		{CF95C126-B9BA-4BA4-BD53-17FA93841D3D}.AppStore|iPhoneSimulator.ActiveCfg = AppStore|iPhoneSimulator
		{CF95C126-B9BA-4BA4-BD53-17FA93841D3D}.AppStore|iPhoneSimulator.Build.0 = AppStore|iPhoneSimulator
		{CF95C126-B9BA-4BA4-BD53-17FA93841D3D}.Debug|Any CPU.ActiveCfg = Debug|iPhoneSimulator
		{CF95C126-B9BA-4BA4-BD53-17FA93841D3D}.Debug|Any CPU.Build.0 = Debug|iPhoneSimulator
		{CF95C126-B9BA-4BA4-BD53-17FA93841D3D}.Debug|iPhone.ActiveCfg = Debug|iPhone
		{CF95C126-B9BA-4BA4-BD53-17FA93841D3D}.Debug|iPhone.Build.0 = Debug|iPhone
		{CF95C126-B9BA-4BA4-BD53-17FA93841D3D}.Debug|iPhoneSimulator.ActiveCfg = Debug|iPhoneSimulator
		{CF95C126-B9BA-4BA4-BD53-17FA93841D3D}.Debug|iPhoneSimulator.Build.0 = Debug|iPhoneSimulator
		{CF95C126-B9BA-4BA4-BD53-17FA93841D3D}.Release|Any CPU.ActiveCfg = Release|iPhoneSimulator
		{CF95C126-B9BA-4BA4-BD53-17FA93841D3D}.Release|Any CPU.Build.0 = Release|iPhoneSimulator
		{CF95C126-B9BA-4BA4-BD53-17FA93841D3D}.Release|iPhone.ActiveCfg = Release|iPhone
		{CF95C126-B9BA-4BA4-BD53-17FA93841D3D}.Release|iPhone.Build.0 = Release|iPhone
		{CF95C126-B9BA-4BA4-BD53-17FA93841D3D}.Release|iPhoneSimulator.ActiveCfg = Release|iPhoneSimulator
		{CF95C126-B9BA-4BA4-BD53-17FA93841D3D}.Release|iPhoneSimulator.Build.0 = Release|iPhoneSimulator
		{526E13BE-A343-457D-901A-4EA5B7DB3038}.Ad-Hoc|Any CPU.ActiveCfg = Release|Any CPU
		{526E13BE-A343-457D-901A-4EA5B7DB3038}.Ad-Hoc|Any CPU.Build.0 = Release|Any CPU
		{526E13BE-A343-457D-901A-4EA5B7DB3038}.Ad-Hoc|iPhone.ActiveCfg = Debug|Any CPU
		{526E13BE-A343-457D-901A-4EA5B7DB3038}.Ad-Hoc|iPhone.Build.0 = Debug|Any CPU
		{526E13BE-A343-457D-901A-4EA5B7DB3038}.Ad-Hoc|iPhoneSimulator.ActiveCfg = Release|Any CPU
		{526E13BE-A343-457D-901A-4EA5B7DB3038}.Ad-Hoc|iPhoneSimulator.Build.0 = Release|Any CPU
		{526E13BE-A343-457D-901A-4EA5B7DB3038}.AppStore|Any CPU.ActiveCfg = Release|Any CPU
		{526E13BE-A343-457D-901A-4EA5B7DB3038}.AppStore|Any CPU.Build.0 = Release|Any CPU
		{526E13BE-A343-457D-901A-4EA5B7DB3038}.AppStore|iPhone.ActiveCfg = Debug|Any CPU
		{526E13BE-A343-457D-901A-4EA5B7DB3038}.AppStore|iPhone.Build.0 = Debug|Any CPU
		{526E13BE-A343-457D-901A-4EA5B7DB3038}.AppStore|iPhoneSimulator.ActiveCfg = Release|Any CPU
		{526E13BE-A343-457D-901A-4EA5B7DB3038}.AppStore|iPhoneSimulator.Build.0 = Release|Any CPU
		{526E13BE-A343-457D-901A-4EA5B7DB3038}.Debug|Any CPU.ActiveCfg = Debug|Any CPU
		{526E13BE-A343-457D-901A-4EA5B7DB3038}.Debug|Any CPU.Build.0 = Debug|Any CPU
		{526E13BE-A343-457D-901A-4EA5B7DB3038}.Debug|iPhone.ActiveCfg = Debug|Any CPU
		{526E13BE-A343-457D-901A-4EA5B7DB3038}.Debug|iPhone.Build.0 = Debug|Any CPU
		{526E13BE-A343-457D-901A-4EA5B7DB3038}.Debug|iPhoneSimulator.ActiveCfg = Debug|Any CPU
		{526E13BE-A343-457D-901A-4EA5B7DB3038}.Debug|iPhoneSimulator.Build.0 = Debug|Any CPU
		{526E13BE-A343-457D-901A-4EA5B7DB3038}.Release|Any CPU.ActiveCfg = Release|Any CPU
		{526E13BE-A343-457D-901A-4EA5B7DB3038}.Release|Any CPU.Build.0 = Release|Any CPU
		{526E13BE-A343-457D-901A-4EA5B7DB3038}.Release|iPhone.ActiveCfg = Release|Any CPU
		{526E13BE-A343-457D-901A-4EA5B7DB3038}.Release|iPhone.Build.0 = Release|Any CPU
		{526E13BE-A343-457D-901A-4EA5B7DB3038}.Release|iPhoneSimulator.ActiveCfg = Release|Any CPU
		{526E13BE-A343-457D-901A-4EA5B7DB3038}.Release|iPhoneSimulator.Build.0 = Release|Any CPU
		{195DD404-474C-48BC-8914-D0F830D80149}.Ad-Hoc|Any CPU.ActiveCfg = Release|Any CPU
		{195DD404-474C-48BC-8914-D0F830D80149}.Ad-Hoc|Any CPU.Build.0 = Release|Any CPU
		{195DD404-474C-48BC-8914-D0F830D80149}.Ad-Hoc|iPhone.ActiveCfg = Release|Any CPU
		{195DD404-474C-48BC-8914-D0F830D80149}.Ad-Hoc|iPhone.Build.0 = Release|Any CPU
		{195DD404-474C-48BC-8914-D0F830D80149}.Ad-Hoc|iPhoneSimulator.ActiveCfg = Release|Any CPU
		{195DD404-474C-48BC-8914-D0F830D80149}.Ad-Hoc|iPhoneSimulator.Build.0 = Release|Any CPU
		{195DD404-474C-48BC-8914-D0F830D80149}.AppStore|Any CPU.ActiveCfg = Release|Any CPU
		{195DD404-474C-48BC-8914-D0F830D80149}.AppStore|Any CPU.Build.0 = Release|Any CPU
		{195DD404-474C-48BC-8914-D0F830D80149}.AppStore|iPhone.ActiveCfg = Release|Any CPU
		{195DD404-474C-48BC-8914-D0F830D80149}.AppStore|iPhone.Build.0 = Release|Any CPU
		{195DD404-474C-48BC-8914-D0F830D80149}.AppStore|iPhoneSimulator.ActiveCfg = Release|Any CPU
		{195DD404-474C-48BC-8914-D0F830D80149}.AppStore|iPhoneSimulator.Build.0 = Release|Any CPU
		{195DD404-474C-48BC-8914-D0F830D80149}.Debug|Any CPU.ActiveCfg = Debug|Any CPU
		{195DD404-474C-48BC-8914-D0F830D80149}.Debug|Any CPU.Build.0 = Debug|Any CPU
		{195DD404-474C-48BC-8914-D0F830D80149}.Debug|iPhone.ActiveCfg = Debug|Any CPU
		{195DD404-474C-48BC-8914-D0F830D80149}.Debug|iPhone.Build.0 = Debug|Any CPU
		{195DD404-474C-48BC-8914-D0F830D80149}.Debug|iPhoneSimulator.ActiveCfg = Debug|Any CPU
		{195DD404-474C-48BC-8914-D0F830D80149}.Debug|iPhoneSimulator.Build.0 = Debug|Any CPU
		{195DD404-474C-48BC-8914-D0F830D80149}.Release|Any CPU.ActiveCfg = Release|Any CPU
		{195DD404-474C-48BC-8914-D0F830D80149}.Release|Any CPU.Build.0 = Release|Any CPU
		{195DD404-474C-48BC-8914-D0F830D80149}.Release|iPhone.ActiveCfg = Release|Any CPU
		{195DD404-474C-48BC-8914-D0F830D80149}.Release|iPhone.Build.0 = Release|Any CPU
		{195DD404-474C-48BC-8914-D0F830D80149}.Release|iPhoneSimulator.ActiveCfg = Release|Any CPU
		{195DD404-474C-48BC-8914-D0F830D80149}.Release|iPhoneSimulator.Build.0 = Release|Any CPU
	EndGlobalSection
	GlobalSection(SolutionProperties) = preSolution
		HideSolutionNode = FALSE
	EndGlobalSection
	GlobalSection(ExtensibilityGlobals) = postSolution
		SolutionGuid = {91EFE3CE-00D9-42F2-B0A1-0CAA48B2D208}
	EndGlobalSection
EndGlobal
